{
  "version": 4,
  "terraform_version": "1.3.9",
  "serial": 4,
  "lineage": "fff142b9-7cc5-7152-aec5-ee80256aa472",
  "outputs": {},
  "resources": [
    {
      "mode": "data",
      "type": "archive_file",
      "name": "empty_unknown_urls",
      "provider": "provider[\"registry.terraform.io/hashicorp/archive\"]",
      "instances": [
        {
          "schema_version": 0,
          "attributes": {
            "excludes": null,
            "id": "47a55ffe86008963cd2bd345cd786603323099f2",
            "output_base64sha256": "ZbM3h4HDsY3lThjYaUaxJOaL8CwUptX/ie35i3iLER0=",
            "output_file_mode": null,
            "output_md5": "cdd92c210563a745fc742b3cfd4b9e8a",
            "output_path": "./.terraform/archive_files/empty_unknown_urls.zip",
            "output_sha": "47a55ffe86008963cd2bd345cd786603323099f2",
            "output_size": 2865,
            "source": [],
            "source_content": null,
            "source_content_filename": null,
            "source_dir": "../../src/empty_unknown_urls_db",
            "source_file": null,
            "type": "zip"
          },
          "sensitive_attributes": []
        }
      ]
    },
    {
      "mode": "managed",
      "type": "aws_iam_role",
      "name": "lambda_is_url_in_reject_list_role",
      "provider": "provider[\"registry.terraform.io/hashicorp/aws\"]",
      "instances": [
        {
          "schema_version": 0,
          "attributes": {
            "arn": "arn:aws:iam::435537659484:role/iam_for_lambda_main_app_tp2",
            "assume_role_policy": "{\"Statement\":[{\"Action\":\"sts:AssumeRole\",\"Effect\":\"Allow\",\"Principal\":{\"Service\":\"lambda.amazonaws.com\"},\"Sid\":\"\"}],\"Version\":\"2012-10-17\"}",
            "create_date": "2023-03-03T14:21:30Z",
            "description": "",
            "force_detach_policies": false,
            "id": "iam_for_lambda_main_app_tp2",
            "inline_policy": [],
            "managed_policy_arns": [],
            "max_session_duration": 3600,
            "name": "iam_for_lambda_main_app_tp2",
            "name_prefix": "",
            "path": "/",
            "permissions_boundary": null,
            "tags": null,
            "tags_all": {},
            "unique_id": "AROAWK2ARIZODFFRNYNR5"
          },
          "sensitive_attributes": [],
          "private": "bnVsbA=="
        }
      ]
    },
    {
      "mode": "managed",
      "type": "aws_lambda_function",
      "name": "empty_unknown_urls",
      "provider": "provider[\"registry.terraform.io/hashicorp/aws\"]",
      "instances": [
        {
          "schema_version": 0,
          "attributes": {
            "architectures": [
              "x86_64"
            ],
            "arn": "arn:aws:lambda:eu-west-1:435537659484:function:empty_unknown_urls",
            "code_signing_config_arn": "",
            "dead_letter_config": [],
            "description": "",
            "environment": [],
            "ephemeral_storage": [
              {
                "size": 512
              }
            ],
            "file_system_config": [],
            "filename": "./.terraform/archive_files/empty_unknown_urls.zip",
            "function_name": "empty_unknown_urls",
            "handler": "main.lambda_handler",
            "id": "empty_unknown_urls",
            "image_config": [],
            "image_uri": "",
            "invoke_arn": "arn:aws:apigateway:eu-west-1:lambda:path/2015-03-31/functions/arn:aws:lambda:eu-west-1:435537659484:function:empty_unknown_urls/invocations",
            "kms_key_arn": "",
            "last_modified": "2023-03-03T14:21:47.112+0000",
            "layers": null,
            "memory_size": 128,
            "package_type": "Zip",
            "publish": false,
            "qualified_arn": "arn:aws:lambda:eu-west-1:435537659484:function:empty_unknown_urls:$LATEST",
            "qualified_invoke_arn": "arn:aws:apigateway:eu-west-1:lambda:path/2015-03-31/functions/arn:aws:lambda:eu-west-1:435537659484:function:empty_unknown_urls:$LATEST/invocations",
            "replace_security_groups_on_destroy": null,
            "replacement_security_group_ids": null,
            "reserved_concurrent_executions": -1,
            "role": "arn:aws:iam::435537659484:role/iam_for_lambda_main_app_tp2",
            "runtime": "python3.9",
            "s3_bucket": null,
            "s3_key": null,
            "s3_object_version": null,
            "signing_job_arn": "",
            "signing_profile_version_arn": "",
            "skip_destroy": false,
            "snap_start": [],
            "source_code_hash": "ZbM3h4HDsY3lThjYaUaxJOaL8CwUptX/ie35i3iLER0=",
            "source_code_size": 2865,
            "tags": null,
            "tags_all": {},
            "timeout": 3,
            "timeouts": null,
            "tracing_config": [
              {
                "mode": "PassThrough"
              }
            ],
            "version": "$LATEST",
            "vpc_config": []
          },
          "sensitive_attributes": [],
          "private": "eyJlMmJmYjczMC1lY2FhLTExZTYtOGY4OC0zNDM2M2JjN2M0YzAiOnsiY3JlYXRlIjo2MDAwMDAwMDAwMDAsImRlbGV0ZSI6NjAwMDAwMDAwMDAwLCJ1cGRhdGUiOjYwMDAwMDAwMDAwMH19",
          "dependencies": [
            "aws_iam_role.lambda_is_url_in_reject_list_role",
            "data.archive_file.empty_unknown_urls"
          ]
        }
      ]
    }
  ],
  "check_results": null
}
